
Microsoft Visual Studio Solution File, Format Version 12.00
# Visual Studio Version 16
VisualStudioVersion = 16.0.32407.337
MinimumVisualStudioVersion = 10.0.40219.1
Project("{FAE04EC0-301F-11D3-BF4B-00C04F79EFBC}") = "CST.WebUserInfo.DAL", "CST.WebUserInfo.DAL\CST.WebUserInfo.DAL.csproj", "{6C553366-9E93-4510-9079-5F5F49BD6715}"
EndProject
Project("{FAE04EC0-301F-11D3-BF4B-00C04F79EFBC}") = "CST.WebUserInfo.BLL", "CST.WebUserInfo.BLL\CST.WebUserInfo.BLL.csproj", "{3B335A22-6908-46B5-99CB-ACA9ACD12D79}"
EndProject
Project("{FAE04EC0-301F-11D3-BF4B-00C04F79EFBC}") = "CST.WebUserInfo.Common", "CST.WebUserInfo.Common\CST.WebUserInfo.Common.csproj", "{2E7AA128-180B-45D6-BBC5-45AB5E0B63ED}"
EndProject
Project("{FAE04EC0-301F-11D3-BF4B-00C04F79EFBC}") = "CST.WebUserInfo.Model", "CST.WebUserInfo.Model\CST.WebUserInfo.Model.csproj", "{A452A6FD-C511-47B2-9649-120E36913E68}"
EndProject
Project("{FAE04EC0-301F-11D3-BF4B-00C04F79EFBC}") = "CST.WebUserInfo.WebApp", "CST.WebUserInfo.WebApp\CST.WebUserInfo.WebApp.csproj", "{643822FB-D41C-4950-A3C8-1A34461558C3}"
EndProject
Global
	GlobalSection(SolutionConfigurationPlatforms) = preSolution
		Debug|Any CPU = Debug|Any CPU
		Release|Any CPU = Release|Any CPU
	EndGlobalSection
	GlobalSection(ProjectConfigurationPlatforms) = postSolution
		{6C553366-9E93-4510-9079-5F5F49BD6715}.Debug|Any CPU.ActiveCfg = Debug|Any CPU
		{6C553366-9E93-4510-9079-5F5F49BD6715}.Debug|Any CPU.Build.0 = Debug|Any CPU
		{6C553366-9E93-4510-9079-5F5F49BD6715}.Release|Any CPU.ActiveCfg = Release|Any CPU
		{6C553366-9E93-4510-9079-5F5F49BD6715}.Release|Any CPU.Build.0 = Release|Any CPU
		{3B335A22-6908-46B5-99CB-ACA9ACD12D79}.Debug|Any CPU.ActiveCfg = Debug|Any CPU
		{3B335A22-6908-46B5-99CB-ACA9ACD12D79}.Debug|Any CPU.Build.0 = Debug|Any CPU
		{3B335A22-6908-46B5-99CB-ACA9ACD12D79}.Release|Any CPU.ActiveCfg = Release|Any CPU
		{3B335A22-6908-46B5-99CB-ACA9ACD12D79}.Release|Any CPU.Build.0 = Release|Any CPU
		{2E7AA128-180B-45D6-BBC5-45AB5E0B63ED}.Debug|Any CPU.ActiveCfg = Debug|Any CPU
		{2E7AA128-180B-45D6-BBC5-45AB5E0B63ED}.Debug|Any CPU.Build.0 = Debug|Any CPU
		{2E7AA128-180B-45D6-BBC5-45AB5E0B63ED}.Release|Any CPU.ActiveCfg = Release|Any CPU
		{2E7AA128-180B-45D6-BBC5-45AB5E0B63ED}.Release|Any CPU.Build.0 = Release|Any CPU
		{A452A6FD-C511-47B2-9649-120E36913E68}.Debug|Any CPU.ActiveCfg = Debug|Any CPU
		{A452A6FD-C511-47B2-9649-120E36913E68}.Debug|Any CPU.Build.0 = Debug|Any CPU
		{A452A6FD-C511-47B2-9649-120E36913E68}.Release|Any CPU.ActiveCfg = Release|Any CPU
		{A452A6FD-C511-47B2-9649-120E36913E68}.Release|Any CPU.Build.0 = Release|Any CPU
		{643822FB-D41C-4950-A3C8-1A34461558C3}.Debug|Any CPU.ActiveCfg = Debug|Any CPU
		{643822FB-D41C-4950-A3C8-1A34461558C3}.Debug|Any CPU.Build.0 = Debug|Any CPU
		{643822FB-D41C-4950-A3C8-1A34461558C3}.Release|Any CPU.ActiveCfg = Release|Any CPU
		{643822FB-D41C-4950-A3C8-1A34461558C3}.Release|Any CPU.Build.0 = Release|Any CPU
	EndGlobalSection
	GlobalSection(SolutionProperties) = preSolution
		HideSolutionNode = FALSE
	EndGlobalSection
	GlobalSection(ExtensibilityGlobals) = postSolution
		SolutionGuid = {0C05D15D-A4FB-4BA4-9146-75D39E1F8333}
	EndGlobalSection
EndGlobal
